<?xml version="1.0" encoding="utf-8"?>
<Project ToolsVersion="4.0" xmlns="http://schemas.microsoft.com/developer/msbuild/2003">
  <ItemGroup>
    <Filter Include="Source Files">
      <UniqueIdentifier>{4FC737F1-C7A5-4376-A066-2A32D752A2FF}</UniqueIdentifier>
      <Extensions>cpp;c;cc;cxx;c++;cppm;ixx;def;odl;idl;hpj;bat;asm;asmx</Extensions>
    </Filter>
    <Filter Include="Header Files">
      <UniqueIdentifier>{93995380-89BD-4b04-88EB-625FBE52EBFB}</UniqueIdentifier>
      <Extensions>h;hh;hpp;hxx;h++;hm;inl;inc;ipp;xsd</Extensions>
    </Filter>
    <Filter Include="ImGUI">
      <UniqueIdentifier>{0dc9fa9c-f3a8-4e3a-aa6a-9795834c121c}</UniqueIdentifier>
    </Filter>
    <Filter Include="Glad">
      <UniqueIdentifier>{be7bb4fe-5796-441e-982c-ca3a2bcba684}</UniqueIdentifier>
    </Filter>
    <Filter Include="Engine Source">
      <UniqueIdentifier>{b3bfbba6-f5e3-4f03-9170-16c322120c3f}</UniqueIdentifier>
    </Filter>
    <Filter Include="Engine Header">
      <UniqueIdentifier>{44e3ec83-63ff-456f-a696-f2bd9b6b58b4}</UniqueIdentifier>
    </Filter>
    <Filter Include="Core">
      <UniqueIdentifier>{233f7be5-17c2-4db5-a06a-18a062ac53e4}</UniqueIdentifier>
    </Filter>
  </ItemGroup>
  <ItemGroup>
    <ClCompile Include="Main.cpp">
      <Filter>Core</Filter>
    </ClCompile>
    <ClCompile Include="..\Support\Include\ImGUI\imgui.cpp">
      <Filter>ImGUI</Filter>
    </ClCompile>
    <ClCompile Include="..\Support\Include\ImGUI\imgui_demo.cpp">
      <Filter>ImGUI</Filter>
    </ClCompile>
    <ClCompile Include="..\Support\Include\ImGUI\imgui_draw.cpp">
      <Filter>ImGUI</Filter>
    </ClCompile>
    <ClCompile Include="..\Support\Include\ImGUI\imgui_tables.cpp">
      <Filter>ImGUI</Filter>
    </ClCompile>
    <ClCompile Include="..\Support\Include\ImGUI\imgui_widgets.cpp">
      <Filter>ImGUI</Filter>
    </ClCompile>
    <ClCompile Include="..\Support\Include\ImGUI\backends\imgui_impl_glfw.cpp">
      <Filter>ImGUI</Filter>
    </ClCompile>
    <ClCompile Include="..\Support\Include\ImGUI\backends\imgui_impl_vulkan.cpp">
      <Filter>ImGUI</Filter>
    </ClCompile>
    <ClCompile Include="VulkanManager.cpp">
      <Filter>Engine Source</Filter>
    </ClCompile>
    <ClCompile Include="..\Support\Include\ImGUI\backends\imgui_impl_opengl3.cpp">
      <Filter>ImGUI</Filter>
    </ClCompile>
    <ClCompile Include="..\Support\Include\glad\glad.c">
      <Filter>Glad</Filter>
    </ClCompile>
    <ClCompile Include="GLManager.cpp">
      <Filter>Engine Source</Filter>
    </ClCompile>
    <ClCompile Include="EngineCore.cpp">
      <Filter>Engine Source</Filter>
    </ClCompile>
    <ClCompile Include="EngineCoreEditorUI.cpp">
      <Filter>Engine Source</Filter>
    </ClCompile>
    <ClCompile Include="GLRenderable.cpp">
      <Filter>Engine Source</Filter>
    </ClCompile>
    <ClCompile Include="..\Support\Include\ImGUI\ImGuiFileDialog.cpp">
      <Filter>ImGUI</Filter>
    </ClCompile>
    <ClCompile Include="implBee.cpp">
      <Filter>Source Files</Filter>
    </ClCompile>
    <ClCompile Include="EngineAPI.cpp">
      <Filter>Engine Source</Filter>
    </ClCompile>
  </ItemGroup>
  <ItemGroup>
    <ClInclude Include="Camera.h">
      <Filter>Engine Header</Filter>
    </ClInclude>
    <ClInclude Include="Event.h">
      <Filter>Engine Header</Filter>
    </ClInclude>
    <ClInclude Include="Loader.h">
      <Filter>Engine Header</Filter>
    </ClInclude>
    <ClInclude Include="MathAIO.h">
      <Filter>Engine Header</Filter>
    </ClInclude>
    <ClInclude Include="Shader.h">
      <Filter>Engine Header</Filter>
    </ClInclude>
    <ClInclude Include="ToolAIO.h">
      <Filter>Engine Header</Filter>
    </ClInclude>
    <ClInclude Include="VulkanManager.h">
      <Filter>Engine Header</Filter>
    </ClInclude>
    <ClInclude Include="VulkanMisc.h">
      <Filter>Engine Header</Filter>
    </ClInclude>
    <ClInclude Include="GLManager.h">
      <Filter>Engine Header</Filter>
    </ClInclude>
    <ClInclude Include="EngineCore.h">
      <Filter>Engine Header</Filter>
    </ClInclude>
    <ClInclude Include="Actor.h">
      <Filter>Core</Filter>
    </ClInclude>
    <ClInclude Include="Init.h">
      <Filter>Core</Filter>
    </ClInclude>
    <ClInclude Include="CodeTemplate.h">
      <Filter>Engine Header</Filter>
    </ClInclude>
    <ClInclude Include="GLRenderable.h">
      <Filter>Engine Header</Filter>
    </ClInclude>
    <ClInclude Include="AssetManager.h">
      <Filter>Engine Header</Filter>
    </ClInclude>
    <ClInclude Include="GLMisc.h">
      <Filter>Engine Header</Filter>
    </ClInclude>
    <ClInclude Include="ProjectParser.h">
      <Filter>Engine Header</Filter>
    </ClInclude>
    <ClInclude Include="Config.h">
      <Filter>Core</Filter>
    </ClInclude>
    <ClInclude Include="implBee.h">
      <Filter>Header Files</Filter>
    </ClInclude>
    <ClInclude Include="Object.h">
      <Filter>Core</Filter>
    </ClInclude>
    <ClInclude Include="Component.h">
      <Filter>Core</Filter>
    </ClInclude>
    <ClInclude Include="EngineAPI.h">
      <Filter>Engine Header</Filter>
    </ClInclude>
  </ItemGroup>
</Project>